
Microsoft Visual Studio Solution File, Format Version 12.00
# Visual Studio Version 16
VisualStudioVersion = 16.0.30104.148
MinimumVisualStudioVersion = 10.0.40219.1
Project("{FAE04EC0-301F-11D3-BF4B-00C04F79EFBC}") = "QuanLiCuaHang", "QuanLiCuaHang\QuanLiCuaHang.csproj", "{F9F17A39-5BBA-4814-AA0E-67E725058455}"
EndProject
Project("{FAE04EC0-301F-11D3-BF4B-00C04F79EFBC}") = "Model", "Model\Model.csproj", "{AC32D8A7-71AA-460E-94DF-54F4F2742F91}"
EndProject
Global
	GlobalSection(SolutionConfigurationPlatforms) = preSolution
		Debug|Any CPU = Debug|Any CPU
		Release|Any CPU = Release|Any CPU
	EndGlobalSection
	GlobalSection(ProjectConfigurationPlatforms) = postSolution
		{F9F17A39-5BBA-4814-AA0E-67E725058455}.Debug|Any CPU.ActiveCfg = Debug|Any CPU
		{F9F17A39-5BBA-4814-AA0E-67E725058455}.Debug|Any CPU.Build.0 = Debug|Any CPU
		{F9F17A39-5BBA-4814-AA0E-67E725058455}.Release|Any CPU.ActiveCfg = Release|Any CPU
		{F9F17A39-5BBA-4814-AA0E-67E725058455}.Release|Any CPU.Build.0 = Release|Any CPU
		{AC32D8A7-71AA-460E-94DF-54F4F2742F91}.Debug|Any CPU.ActiveCfg = Debug|Any CPU
		{AC32D8A7-71AA-460E-94DF-54F4F2742F91}.Debug|Any CPU.Build.0 = Debug|Any CPU
		{AC32D8A7-71AA-460E-94DF-54F4F2742F91}.Release|Any CPU.ActiveCfg = Release|Any CPU
		{AC32D8A7-71AA-460E-94DF-54F4F2742F91}.Release|Any CPU.Build.0 = Release|Any CPU
	EndGlobalSection
	GlobalSection(SolutionProperties) = preSolution
		HideSolutionNode = FALSE
	EndGlobalSection
	GlobalSection(ExtensibilityGlobals) = postSolution
		SolutionGuid = {4EC57237-C358-4C6E-86B5-C366AD4ADA49}
	EndGlobalSection
EndGlobal
